
Microsoft Visual Studio Solution File, Format Version 12.00
# Visual Studio 14
VisualStudioVersion = 14.0.25123.0
MinimumVisualStudioVersion = 10.0.40219.1
Project("{FAE04EC0-301F-11D3-BF4B-00C04F79EFBC}") = "SaboresPortugalGui", "SaboresPortugalGui.csproj", "{B3C9C680-DC30-46F1-9879-111C878DC00C}"
EndProject
Project("{FAE04EC0-301F-11D3-BF4B-00C04F79EFBC}") = "ProjetoLI4", "..\..\..\ProjetoLI4-master\ProjetoLI4-master\ProjetoLI4\ProjetoLI4.csproj", "{C6C0644F-0C12-4B0D-A974-326C85FF01E4}"
EndProject
Project("{FAE04EC0-301F-11D3-BF4B-00C04F79EFBC}") = "TesteCliente", "..\WindowsFormsApplication1\TesteCliente.csproj", "{2CB2866C-3B93-43A6-9EE4-8C2CA3669E91}"
EndProject
Global
	GlobalSection(SolutionConfigurationPlatforms) = preSolution
		Debug|Any CPU = Debug|Any CPU
		Release|Any CPU = Release|Any CPU
	EndGlobalSection
	GlobalSection(ProjectConfigurationPlatforms) = postSolution
		{B3C9C680-DC30-46F1-9879-111C878DC00C}.Debug|Any CPU.ActiveCfg = Debug|Any CPU
		{B3C9C680-DC30-46F1-9879-111C878DC00C}.Debug|Any CPU.Build.0 = Debug|Any CPU
		{B3C9C680-DC30-46F1-9879-111C878DC00C}.Release|Any CPU.ActiveCfg = Release|Any CPU
		{B3C9C680-DC30-46F1-9879-111C878DC00C}.Release|Any CPU.Build.0 = Release|Any CPU
		{C6C0644F-0C12-4B0D-A974-326C85FF01E4}.Debug|Any CPU.ActiveCfg = Debug|Any CPU
		{C6C0644F-0C12-4B0D-A974-326C85FF01E4}.Debug|Any CPU.Build.0 = Debug|Any CPU
		{C6C0644F-0C12-4B0D-A974-326C85FF01E4}.Release|Any CPU.ActiveCfg = Release|Any CPU
		{C6C0644F-0C12-4B0D-A974-326C85FF01E4}.Release|Any CPU.Build.0 = Release|Any CPU
		{2CB2866C-3B93-43A6-9EE4-8C2CA3669E91}.Debug|Any CPU.ActiveCfg = Debug|Any CPU
		{2CB2866C-3B93-43A6-9EE4-8C2CA3669E91}.Debug|Any CPU.Build.0 = Debug|Any CPU
		{2CB2866C-3B93-43A6-9EE4-8C2CA3669E91}.Release|Any CPU.ActiveCfg = Release|Any CPU
		{2CB2866C-3B93-43A6-9EE4-8C2CA3669E91}.Release|Any CPU.Build.0 = Release|Any CPU
	EndGlobalSection
	GlobalSection(SolutionProperties) = preSolution
		HideSolutionNode = FALSE
	EndGlobalSection
EndGlobal
